{
  "nodes": {
    "hjem": {
      "inputs": {
        "nixpkgs": [
          "nixpkgs"
        ],
        "smfh": "smfh"
      },
      "locked": {
        "lastModified": 1757733237,
        "narHash": "sha256-q57LxLzOQuW0ROtoBMMPbG8neBYa6LizRH9FVOQkkLQ=",
        "owner": "feel-co",
        "repo": "hjem",
        "rev": "627b34efad55fd42d6dd52c19c796604d2b8e8bd",
        "type": "github"
      },
      "original": {
        "owner": "feel-co",
        "repo": "hjem",
        "type": "github"
      }
    },
    "home-manager": {
      "inputs": {
        "nixpkgs": [
          "nixpkgs"
        ]
      },
      "locked": {
        "lastModified": 1757529548,
        "narHash": "sha256-If5AT3dPXH0BM+q+pwyZvtWLTmlqJmGW6IDZ2MqlGRU=",
        "owner": "nix-community",
        "repo": "home-manager",
        "rev": "e0154ae41614e32a443c43ee51eee9eed3ad9a48",
        "type": "github"
      },
      "original": {
        "owner": "nix-community",
        "repo": "home-manager",
        "type": "github"
      }
    },
    "home-manager_2": {
      "inputs": {
        "nixpkgs": [
          "zen-browser",
          "nixpkgs"
        ]
      },
      "locked": {
        "lastModified": 1752603129,
        "narHash": "sha256-S+wmHhwNQ5Ru689L2Gu8n1OD6s9eU9n9mD827JNR+kw=",
        "owner": "nix-community",
        "repo": "home-manager",
        "rev": "e8c19a3cec2814c754f031ab3ae7316b64da085b",
        "type": "github"
      },
      "original": {
        "owner": "nix-community",
        "repo": "home-manager",
        "type": "github"
      }
    },
    "nixpkgs": {
      "locked": {
        "lastModified": 1757347588,
        "narHash": "sha256-tLdkkC6XnsY9EOZW9TlpesTclELy8W7lL2ClL+nma8o=",
        "owner": "NixOS",
        "repo": "nixpkgs",
        "rev": "b599843bad24621dcaa5ab60dac98f9b0eb1cabe",
        "type": "github"
      },
      "original": {
        "owner": "NixOS",
        "ref": "nixos-unstable",
        "repo": "nixpkgs",
        "type": "github"
      }
    },
    "quickshell": {
      "inputs": {
        "nixpkgs": [
          "nixpkgs"
        ]
      },
      "locked": {
        "lastModified": 1759303785,
        "narHash": "sha256-EUXrK7pUIzOQWR1dquZh26A6W8lsY2oiHEEZzQnsarM=",
        "owner": "outfoxxed",
        "repo": "quickshell",
        "rev": "9662234759eb57f2a1057f2a1c667da1bf128c1c",
        "type": "github"
      },
      "original": {
        "owner": "outfoxxed",
        "repo": "quickshell",
        "type": "github"
      }
    },
    "root": {
      "inputs": {
        "hjem": "hjem",
        "home-manager": "home-manager",
        "nixpkgs": "nixpkgs",
        "quickshell": "quickshell",
        "zen-browser": "zen-browser"
      }
    },
    "rust-overlay": {
      "inputs": {
        "nixpkgs": [
          "hjem",
          "smfh",
          "nixpkgs"
        ]
      },
      "locked": {
        "lastModified": 1755225702,
        "narHash": "sha256-i7Rgs943NqX0RgQW0/l1coi8eWBj3XhxVggMpjjzTsk=",
        "owner": "oxalica",
        "repo": "rust-overlay",
        "rev": "4abaeba6b176979be0da0195b9e4ce86bc501ae4",
        "type": "github"
      },
      "original": {
        "owner": "oxalica",
        "repo": "rust-overlay",
        "type": "github"
      }
    },
    "smfh": {
      "inputs": {
        "nixpkgs": [
          "hjem",
          "nixpkgs"
        ],
        "rust-overlay": "rust-overlay",
        "systems": "systems"
      },
      "locked": {
        "lastModified": 1755350122,
        "narHash": "sha256-fTmAdnSPmEZlwAMTm/NEl4VibUAo+cerUuby1AYbKMM=",
        "owner": "feel-co",
        "repo": "smfh",
        "rev": "5de4e315d61a7378f37ebdd39d42b6cf09a1b8cc",
        "type": "github"
      },
      "original": {
        "owner": "feel-co",
        "repo": "smfh",
        "type": "github"
      }
    },
    "systems": {
      "locked": {
        "lastModified": 1681028828,
        "narHash": "sha256-Vy1rq5AaRuLzOxct8nz4T6wlgyUR7zLU309k9mBC768=",
        "owner": "nix-systems",
        "repo": "default",
        "rev": "da67096a3b9bf56a91d16901293e51ba5b49a27e",
        "type": "github"
      },
      "original": {
        "owner": "nix-systems",
        "repo": "default",
        "type": "github"
      }
    },
    "zen-browser": {
      "inputs": {
        "home-manager": "home-manager_2",
        "nixpkgs": [
          "nixpkgs"
        ]
      },
      "locked": {
        "lastModified": 1757517843,
        "narHash": "sha256-7gLIZVep5wIU3Tw7c2lDsuOglU6BV+lOPU8HsbJg3ZY=",
        "owner": "0xc000022070",
        "repo": "zen-browser-flake",
        "rev": "8214fd8f4e8d96f53a760093f36e5fab7e5806a0",
        "type": "github"
      },
      "original": {
        "owner": "0xc000022070",
        "repo": "zen-browser-flake",
        "type": "github"
      }
    }
  },
  "root": "root",
  "version": 7
}
